
Microsoft Visual Studio Solution File, Format Version 12.00
# Visual Studio Version 17
VisualStudioVersion = 17.0.31903.59
MinimumVisualStudioVersion = 10.0.40219.1
Project("{2150E333-8FDC-42A3-9474-1A3956D46DE8}") = "src", "src", "{74872B05-D90F-4453-BCC1-AE14BDB351D5}"
EndProject
Project("{FAE04EC0-301F-11D3-BF4B-00C04F79EFBC}") = "PlatformAdmin", "src\PlatformAdmin\PlatformAdmin.csproj", "{5AD8954A-759A-4DF1-BA72-D3F4193620BD}"
EndProject
Project("{FAE04EC0-301F-11D3-BF4B-00C04F79EFBC}") = "Notification", "src\Notification\Notification.csproj", "{92F3ECD1-4271-432E-937A-B270BA20F271}"
EndProject
Project("{FAE04EC0-301F-11D3-BF4B-00C04F79EFBC}") = "SocialMedia", "src\SocialMedia\SocialMedia.csproj", "{EF751A35-F8C9-4840-8A7F-39E2B307F4C7}"
EndProject
Project("{2150E333-8FDC-42A3-9474-1A3956D46DE8}") = "BuildingBlocks", "BuildingBlocks", "{6A67CE4E-28BE-4122-8791-12DD5B1DCE78}"
EndProject
Project("{FAE04EC0-301F-11D3-BF4B-00C04F79EFBC}") = "SharedContracts", "src\BuildingBlocks\SharedContracts\SharedContracts.csproj", "{7314835C-604C-4E1C-A081-0D37718C98C0}"
EndProject
Project("{FAE04EC0-301F-11D3-BF4B-00C04F79EFBC}") = "MediaProcessing", "src\MediaProcessing\MediaProcessing.csproj", "{DC3D0631-2855-4CB6-97FA-6E47922D4D28}"
EndProject
Global
	GlobalSection(SolutionConfigurationPlatforms) = preSolution
		Debug|Any CPU = Debug|Any CPU
		Release|Any CPU = Release|Any CPU
	EndGlobalSection
	GlobalSection(SolutionProperties) = preSolution
		HideSolutionNode = FALSE
	EndGlobalSection
	GlobalSection(ProjectConfigurationPlatforms) = postSolution
		{5AD8954A-759A-4DF1-BA72-D3F4193620BD}.Debug|Any CPU.ActiveCfg = Debug|Any CPU
		{5AD8954A-759A-4DF1-BA72-D3F4193620BD}.Debug|Any CPU.Build.0 = Debug|Any CPU
		{5AD8954A-759A-4DF1-BA72-D3F4193620BD}.Release|Any CPU.ActiveCfg = Release|Any CPU
		{5AD8954A-759A-4DF1-BA72-D3F4193620BD}.Release|Any CPU.Build.0 = Release|Any CPU
		{92F3ECD1-4271-432E-937A-B270BA20F271}.Debug|Any CPU.ActiveCfg = Debug|Any CPU
		{92F3ECD1-4271-432E-937A-B270BA20F271}.Debug|Any CPU.Build.0 = Debug|Any CPU
		{92F3ECD1-4271-432E-937A-B270BA20F271}.Release|Any CPU.ActiveCfg = Release|Any CPU
		{92F3ECD1-4271-432E-937A-B270BA20F271}.Release|Any CPU.Build.0 = Release|Any CPU
		{EF751A35-F8C9-4840-8A7F-39E2B307F4C7}.Debug|Any CPU.ActiveCfg = Debug|Any CPU
		{EF751A35-F8C9-4840-8A7F-39E2B307F4C7}.Debug|Any CPU.Build.0 = Debug|Any CPU
		{EF751A35-F8C9-4840-8A7F-39E2B307F4C7}.Release|Any CPU.ActiveCfg = Release|Any CPU
		{EF751A35-F8C9-4840-8A7F-39E2B307F4C7}.Release|Any CPU.Build.0 = Release|Any CPU
		{7314835C-604C-4E1C-A081-0D37718C98C0}.Debug|Any CPU.ActiveCfg = Debug|Any CPU
		{7314835C-604C-4E1C-A081-0D37718C98C0}.Debug|Any CPU.Build.0 = Debug|Any CPU
		{7314835C-604C-4E1C-A081-0D37718C98C0}.Release|Any CPU.ActiveCfg = Release|Any CPU
		{7314835C-604C-4E1C-A081-0D37718C98C0}.Release|Any CPU.Build.0 = Release|Any CPU
		{DC3D0631-2855-4CB6-97FA-6E47922D4D28}.Debug|Any CPU.ActiveCfg = Debug|Any CPU
		{DC3D0631-2855-4CB6-97FA-6E47922D4D28}.Debug|Any CPU.Build.0 = Debug|Any CPU
		{DC3D0631-2855-4CB6-97FA-6E47922D4D28}.Release|Any CPU.ActiveCfg = Release|Any CPU
		{DC3D0631-2855-4CB6-97FA-6E47922D4D28}.Release|Any CPU.Build.0 = Release|Any CPU
	EndGlobalSection
	GlobalSection(NestedProjects) = preSolution
		{5AD8954A-759A-4DF1-BA72-D3F4193620BD} = {74872B05-D90F-4453-BCC1-AE14BDB351D5}
		{92F3ECD1-4271-432E-937A-B270BA20F271} = {74872B05-D90F-4453-BCC1-AE14BDB351D5}
		{EF751A35-F8C9-4840-8A7F-39E2B307F4C7} = {74872B05-D90F-4453-BCC1-AE14BDB351D5}
		{6A67CE4E-28BE-4122-8791-12DD5B1DCE78} = {74872B05-D90F-4453-BCC1-AE14BDB351D5}
		{7314835C-604C-4E1C-A081-0D37718C98C0} = {6A67CE4E-28BE-4122-8791-12DD5B1DCE78}
		{DC3D0631-2855-4CB6-97FA-6E47922D4D28} = {74872B05-D90F-4453-BCC1-AE14BDB351D5}
	EndGlobalSection
EndGlobal
